Microsoft Visual Studio Solution File, Format Version 12.00
# Visual Studio 15
VisualStudioVersion = 15.0.27703.2042
MinimumVisualStudioVersion = 10.0.40219.1
Project("{FAE04EC0-301F-11D3-BF4B-00C04F79EFBC}") = "HE Wrapper", "HE Wrapper\HE Wrapper.csproj", "{23AB097C-FD1F-451B-B5DC-875E09E5699A}"
EndProject
Project("{FAE04EC0-301F-11D3-BF4B-00C04F79EFBC}") = "Basic Example", "Basic Example\Basic Example.csproj", "{07D4A54F-4E6B-4ED5-8A71-9E31B876385B}"
EndProject
Project("{FAE04EC0-301F-11D3-BF4B-00C04F79EFBC}") = "NeuralNetworks", "NeuralNetworks\NeuralNetworks.csproj", "{EA13024B-33C1-4659-83F7-99D87031C5DF}"
EndProject
Project("{FAE04EC0-301F-11D3-BF4B-00C04F79EFBC}") = "CryptoNets", "CryptoNets\CryptoNets.csproj", "{736D8CB8-353D-4E07-9770-7E34F7F41BE1}"
EndProject
Project("{FAE04EC0-301F-11D3-BF4B-00C04F79EFBC}") = "HE Wrapper Tests", "HE Wrapper Tests\HE Wrapper Tests.csproj", "{F2D7CEB5-466E-42E9-A6D7-C9EA7E4F1FAB}"
EndProject
Project("{FAE04EC0-301F-11D3-BF4B-00C04F79EFBC}") = "LowLatencyCryptoNets", "LowLatencyCryptoNets\LowLatencyCryptoNets.csproj", "{FA3EC7C0-907C-4369-ACC0-1493C2FDE3F3}"
EndProject
Project("{FAE04EC0-301F-11D3-BF4B-00C04F79EFBC}") = "NeuralNetworksTest", "NeuralNetworksTest\NeuralNetworksTest.csproj", "{D72F29C5-0854-4AD1-9BD0-D91F4D520FF3}"
EndProject
Project("{FAE04EC0-301F-11D3-BF4B-00C04F79EFBC}") = "CifarCryptoNet", "CifarCryptoNet\CifarCryptoNet.csproj", "{111D44F9-D128-4653-BDE4-29A1438DBF3E}"
EndProject
Project("{FAE04EC0-301F-11D3-BF4B-00C04F79EFBC}") = "Caltech101", "Caltech101\Caltech101.csproj", "{21CBCF79-9ACB-407A-8CD4-392DDCF9AF2A}"
EndProject
Project("{2150E333-8FDC-42A3-9474-1A3956D46DE8}") = "Data", "Data", "{6F9DF87F-3D81-4248-80AE-9D972474797E}"
	ProjectSection(SolutionItems) = preProject
		Microsoft.Research.SEALNet.3.2.0.nupkg = Microsoft.Research.SEALNet.3.2.0.nupkg
	EndProjectSection
EndProject
Project("{2150E333-8FDC-42A3-9474-1A3956D46DE8}") = "Inference Applications", "Inference Applications", "{9004CBFB-BE2D-420D-9883-A332793930AB}"
EndProject
Project("{2150E333-8FDC-42A3-9474-1A3956D46DE8}") = "Core", "Core", "{EACFC0D6-38A7-4099-A3FB-15B2BF4EF7B3}"
EndProject
Project("{FAE04EC0-301F-11D3-BF4B-00C04F79EFBC}") = "DataPreprocess", "DataPreprocess\DataPreprocess.csproj", "{16A2DCEE-CF86-4BBD-B35B-5BB2EF88DAFF}"
EndProject
Project("{2150E333-8FDC-42A3-9474-1A3956D46DE8}") = "Solution Items", "Solution Items", "{2436DFD4-18A0-4E27-97BC-CD43D2CF1E88}"
	ProjectSection(SolutionItems) = preProject
		CONTRIBUTING.md = CONTRIBUTING.md
		LICENSE.TXT = LICENSE.TXT
		nuget.config = nuget.config
		README.md = README.md
	EndProjectSection
EndProject
Global
	GlobalSection(SolutionConfigurationPlatforms) = preSolution
		Debug|Any CPU = Debug|Any CPU
		Debug|x64 = Debug|x64
		Debug|x86 = Debug|x86
		Release|Any CPU = Release|Any CPU
		Release|x64 = Release|x64
		Release|x86 = Release|x86
	EndGlobalSection
	GlobalSection(ProjectConfigurationPlatforms) = postSolution
		{23AB097C-FD1F-451B-B5DC-875E09E5699A}.Debug|Any CPU.ActiveCfg = Debug|x64
		{23AB097C-FD1F-451B-B5DC-875E09E5699A}.Debug|Any CPU.Build.0 = Debug|x64
		{23AB097C-FD1F-451B-B5DC-875E09E5699A}.Debug|x64.ActiveCfg = Debug|x64
		{23AB097C-FD1F-451B-B5DC-875E09E5699A}.Debug|x64.Build.0 = Debug|x64
		{23AB097C-FD1F-451B-B5DC-875E09E5699A}.Debug|x86.ActiveCfg = Debug|Any CPU
		{23AB097C-FD1F-451B-B5DC-875E09E5699A}.Debug|x86.Build.0 = Debug|Any CPU
		{23AB097C-FD1F-451B-B5DC-875E09E5699A}.Release|Any CPU.ActiveCfg = Release|Any CPU
		{23AB097C-FD1F-451B-B5DC-875E09E5699A}.Release|Any CPU.Build.0 = Release|Any CPU
		{23AB097C-FD1F-451B-B5DC-875E09E5699A}.Release|x64.ActiveCfg = Release|x64
		{23AB097C-FD1F-451B-B5DC-875E09E5699A}.Release|x64.Build.0 = Release|x64
		{23AB097C-FD1F-451B-B5DC-875E09E5699A}.Release|x86.ActiveCfg = Release|Any CPU
		{23AB097C-FD1F-451B-B5DC-875E09E5699A}.Release|x86.Build.0 = Release|Any CPU
		{07D4A54F-4E6B-4ED5-8A71-9E31B876385B}.Debug|Any CPU.ActiveCfg = Debug|x64
		{07D4A54F-4E6B-4ED5-8A71-9E31B876385B}.Debug|Any CPU.Build.0 = Debug|x64
		{07D4A54F-4E6B-4ED5-8A71-9E31B876385B}.Debug|x64.ActiveCfg = Debug|x64
		{07D4A54F-4E6B-4ED5-8A71-9E31B876385B}.Debug|x64.Build.0 = Debug|x64
		{07D4A54F-4E6B-4ED5-8A71-9E31B876385B}.Debug|x86.ActiveCfg = Debug|Any CPU
		{07D4A54F-4E6B-4ED5-8A71-9E31B876385B}.Debug|x86.Build.0 = Debug|Any CPU
		{07D4A54F-4E6B-4ED5-8A71-9E31B876385B}.Release|Any CPU.ActiveCfg = Release|Any CPU
		{07D4A54F-4E6B-4ED5-8A71-9E31B876385B}.Release|Any CPU.Build.0 = Release|Any CPU
		{07D4A54F-4E6B-4ED5-8A71-9E31B876385B}.Release|x64.ActiveCfg = Release|x64
		{07D4A54F-4E6B-4ED5-8A71-9E31B876385B}.Release|x64.Build.0 = Release|x64
		{07D4A54F-4E6B-4ED5-8A71-9E31B876385B}.Release|x86.ActiveCfg = Release|Any CPU
		{07D4A54F-4E6B-4ED5-8A71-9E31B876385B}.Release|x86.Build.0 = Release|Any CPU
		{EA13024B-33C1-4659-83F7-99D87031C5DF}.Debug|Any CPU.ActiveCfg = Debug|x64
		{EA13024B-33C1-4659-83F7-99D87031C5DF}.Debug|Any CPU.Build.0 = Debug|x64
		{EA13024B-33C1-4659-83F7-99D87031C5DF}.Debug|x64.ActiveCfg = Debug|x64
		{EA13024B-33C1-4659-83F7-99D87031C5DF}.Debug|x64.Build.0 = Debug|x64
		{EA13024B-33C1-4659-83F7-99D87031C5DF}.Debug|x86.ActiveCfg = Debug|Any CPU
		{EA13024B-33C1-4659-83F7-99D87031C5DF}.Debug|x86.Build.0 = Debug|Any CPU
		{EA13024B-33C1-4659-83F7-99D87031C5DF}.Release|Any CPU.ActiveCfg = Release|Any CPU
		{EA13024B-33C1-4659-83F7-99D87031C5DF}.Release|Any CPU.Build.0 = Release|Any CPU
		{EA13024B-33C1-4659-83F7-99D87031C5DF}.Release|x64.ActiveCfg = Release|x64
		{EA13024B-33C1-4659-83F7-99D87031C5DF}.Release|x64.Build.0 = Release|x64
		{EA13024B-33C1-4659-83F7-99D87031C5DF}.Release|x86.ActiveCfg = Release|Any CPU
		{EA13024B-33C1-4659-83F7-99D87031C5DF}.Release|x86.Build.0 = Release|Any CPU
		{736D8CB8-353D-4E07-9770-7E34F7F41BE1}.Debug|Any CPU.ActiveCfg = Debug|Any CPU
		{736D8CB8-353D-4E07-9770-7E34F7F41BE1}.Debug|Any CPU.Build.0 = Debug|Any CPU
		{736D8CB8-353D-4E07-9770-7E34F7F41BE1}.Debug|x64.ActiveCfg = Debug|x64
		{736D8CB8-353D-4E07-9770-7E34F7F41BE1}.Debug|x64.Build.0 = Debug|x64
		{736D8CB8-353D-4E07-9770-7E34F7F41BE1}.Debug|x86.ActiveCfg = Debug|Any CPU
		{736D8CB8-353D-4E07-9770-7E34F7F41BE1}.Debug|x86.Build.0 = Debug|Any CPU
		{736D8CB8-353D-4E07-9770-7E34F7F41BE1}.Release|Any CPU.ActiveCfg = Release|Any CPU
		{736D8CB8-353D-4E07-9770-7E34F7F41BE1}.Release|Any CPU.Build.0 = Release|Any CPU
		{736D8CB8-353D-4E07-9770-7E34F7F41BE1}.Release|x64.ActiveCfg = Release|x64
		{736D8CB8-353D-4E07-9770-7E34F7F41BE1}.Release|x64.Build.0 = Release|x64
		{736D8CB8-353D-4E07-9770-7E34F7F41BE1}.Release|x86.ActiveCfg = Release|Any CPU
		{736D8CB8-353D-4E07-9770-7E34F7F41BE1}.Release|x86.Build.0 = Release|Any CPU
		{F2D7CEB5-466E-42E9-A6D7-C9EA7E4F1FAB}.Debug|Any CPU.ActiveCfg = Debug|Any CPU
		{F2D7CEB5-466E-42E9-A6D7-C9EA7E4F1FAB}.Debug|Any CPU.Build.0 = Debug|Any CPU
		{F2D7CEB5-466E-42E9-A6D7-C9EA7E4F1FAB}.Debug|x64.ActiveCfg = Debug|x64
		{F2D7CEB5-466E-42E9-A6D7-C9EA7E4F1FAB}.Debug|x64.Build.0 = Debug|x64
		{F2D7CEB5-466E-42E9-A6D7-C9EA7E4F1FAB}.Debug|x86.ActiveCfg = Debug|Any CPU
		{F2D7CEB5-466E-42E9-A6D7-C9EA7E4F1FAB}.Debug|x86.Build.0 = Debug|Any CPU
		{F2D7CEB5-466E-42E9-A6D7-C9EA7E4F1FAB}.Release|Any CPU.ActiveCfg = Release|Any CPU
		{F2D7CEB5-466E-42E9-A6D7-C9EA7E4F1FAB}.Release|Any CPU.Build.0 = Release|Any CPU
		{F2D7CEB5-466E-42E9-A6D7-C9EA7E4F1FAB}.Release|x64.ActiveCfg = Release|x64
		{F2D7CEB5-466E-42E9-A6D7-C9EA7E4F1FAB}.Release|x64.Build.0 = Release|x64
		{F2D7CEB5-466E-42E9-A6D7-C9EA7E4F1FAB}.Release|x86.ActiveCfg = Release|Any CPU
		{F2D7CEB5-466E-42E9-A6D7-C9EA7E4F1FAB}.Release|x86.Build.0 = Release|Any CPU
		{FA3EC7C0-907C-4369-ACC0-1493C2FDE3F3}.Debug|Any CPU.ActiveCfg = Debug|Any CPU
		{FA3EC7C0-907C-4369-ACC0-1493C2FDE3F3}.Debug|Any CPU.Build.0 = Debug|Any CPU
		{FA3EC7C0-907C-4369-ACC0-1493C2FDE3F3}.Debug|x64.ActiveCfg = Debug|x64
		{FA3EC7C0-907C-4369-ACC0-1493C2FDE3F3}.Debug|x64.Build.0 = Debug|x64
		{FA3EC7C0-907C-4369-ACC0-1493C2FDE3F3}.Debug|x86.ActiveCfg = Debug|Any CPU
		{FA3EC7C0-907C-4369-ACC0-1493C2FDE3F3}.Debug|x86.Build.0 = Debug|Any CPU
		{FA3EC7C0-907C-4369-ACC0-1493C2FDE3F3}.Release|Any CPU.ActiveCfg = Release|Any CPU
		{FA3EC7C0-907C-4369-ACC0-1493C2FDE3F3}.Release|Any CPU.Build.0 = Release|Any CPU
		{FA3EC7C0-907C-4369-ACC0-1493C2FDE3F3}.Release|x64.ActiveCfg = Release|x64
		{FA3EC7C0-907C-4369-ACC0-1493C2FDE3F3}.Release|x64.Build.0 = Release|x64
		{FA3EC7C0-907C-4369-ACC0-1493C2FDE3F3}.Release|x86.ActiveCfg = Release|Any CPU
		{FA3EC7C0-907C-4369-ACC0-1493C2FDE3F3}.Release|x86.Build.0 = Release|Any CPU
		{D72F29C5-0854-4AD1-9BD0-D91F4D520FF3}.Debug|Any CPU.ActiveCfg = Debug|Any CPU
		{D72F29C5-0854-4AD1-9BD0-D91F4D520FF3}.Debug|Any CPU.Build.0 = Debug|Any CPU
		{D72F29C5-0854-4AD1-9BD0-D91F4D520FF3}.Debug|x64.ActiveCfg = Debug|x64
		{D72F29C5-0854-4AD1-9BD0-D91F4D520FF3}.Debug|x64.Build.0 = Debug|x64
		{D72F29C5-0854-4AD1-9BD0-D91F4D520FF3}.Debug|x86.ActiveCfg = Debug|Any CPU
		{D72F29C5-0854-4AD1-9BD0-D91F4D520FF3}.Debug|x86.Build.0 = Debug|Any CPU
		{D72F29C5-0854-4AD1-9BD0-D91F4D520FF3}.Release|Any CPU.ActiveCfg = Release|Any CPU
		{D72F29C5-0854-4AD1-9BD0-D91F4D520FF3}.Release|Any CPU.Build.0 = Release|Any CPU
		{D72F29C5-0854-4AD1-9BD0-D91F4D520FF3}.Release|x64.ActiveCfg = Release|x64
		{D72F29C5-0854-4AD1-9BD0-D91F4D520FF3}.Release|x64.Build.0 = Release|x64
		{D72F29C5-0854-4AD1-9BD0-D91F4D520FF3}.Release|x86.ActiveCfg = Release|Any CPU
		{D72F29C5-0854-4AD1-9BD0-D91F4D520FF3}.Release|x86.Build.0 = Release|Any CPU
		{111D44F9-D128-4653-BDE4-29A1438DBF3E}.Debug|Any CPU.ActiveCfg = Debug|Any CPU
		{111D44F9-D128-4653-BDE4-29A1438DBF3E}.Debug|Any CPU.Build.0 = Debug|Any CPU
		{111D44F9-D128-4653-BDE4-29A1438DBF3E}.Debug|x64.ActiveCfg = Debug|x64
		{111D44F9-D128-4653-BDE4-29A1438DBF3E}.Debug|x64.Build.0 = Debug|x64
		{111D44F9-D128-4653-BDE4-29A1438DBF3E}.Debug|x86.ActiveCfg = Debug|Any CPU
		{111D44F9-D128-4653-BDE4-29A1438DBF3E}.Debug|x86.Build.0 = Debug|Any CPU
		{111D44F9-D128-4653-BDE4-29A1438DBF3E}.Release|Any CPU.ActiveCfg = Release|Any CPU
		{111D44F9-D128-4653-BDE4-29A1438DBF3E}.Release|Any CPU.Build.0 = Release|Any CPU
		{111D44F9-D128-4653-BDE4-29A1438DBF3E}.Release|x64.ActiveCfg = Release|x64
		{111D44F9-D128-4653-BDE4-29A1438DBF3E}.Release|x64.Build.0 = Release|x64
		{111D44F9-D128-4653-BDE4-29A1438DBF3E}.Release|x86.ActiveCfg = Release|Any CPU
		{111D44F9-D128-4653-BDE4-29A1438DBF3E}.Release|x86.Build.0 = Release|Any CPU
		{21CBCF79-9ACB-407A-8CD4-392DDCF9AF2A}.Debug|Any CPU.ActiveCfg = Debug|Any CPU
		{21CBCF79-9ACB-407A-8CD4-392DDCF9AF2A}.Debug|Any CPU.Build.0 = Debug|Any CPU
		{21CBCF79-9ACB-407A-8CD4-392DDCF9AF2A}.Debug|x64.ActiveCfg = Debug|x64
		{21CBCF79-9ACB-407A-8CD4-392DDCF9AF2A}.Debug|x64.Build.0 = Debug|x64
		{21CBCF79-9ACB-407A-8CD4-392DDCF9AF2A}.Debug|x86.ActiveCfg = Debug|Any CPU
		{21CBCF79-9ACB-407A-8CD4-392DDCF9AF2A}.Debug|x86.Build.0 = Debug|Any CPU
		{21CBCF79-9ACB-407A-8CD4-392DDCF9AF2A}.Release|Any CPU.ActiveCfg = Release|Any CPU
		{21CBCF79-9ACB-407A-8CD4-392DDCF9AF2A}.Release|Any CPU.Build.0 = Release|Any CPU
		{21CBCF79-9ACB-407A-8CD4-392DDCF9AF2A}.Release|x64.ActiveCfg = Release|x64
		{21CBCF79-9ACB-407A-8CD4-392DDCF9AF2A}.Release|x64.Build.0 = Release|x64
		{21CBCF79-9ACB-407A-8CD4-392DDCF9AF2A}.Release|x86.ActiveCfg = Release|Any CPU
		{21CBCF79-9ACB-407A-8CD4-392DDCF9AF2A}.Release|x86.Build.0 = Release|Any CPU
		{16A2DCEE-CF86-4BBD-B35B-5BB2EF88DAFF}.Debug|Any CPU.ActiveCfg = Debug|Any CPU
		{16A2DCEE-CF86-4BBD-B35B-5BB2EF88DAFF}.Debug|Any CPU.Build.0 = Debug|Any CPU
		{16A2DCEE-CF86-4BBD-B35B-5BB2EF88DAFF}.Debug|x64.ActiveCfg = Debug|x64
		{16A2DCEE-CF86-4BBD-B35B-5BB2EF88DAFF}.Debug|x64.Build.0 = Debug|x64
		{16A2DCEE-CF86-4BBD-B35B-5BB2EF88DAFF}.Debug|x86.ActiveCfg = Debug|Any CPU
		{16A2DCEE-CF86-4BBD-B35B-5BB2EF88DAFF}.Debug|x86.Build.0 = Debug|Any CPU
		{16A2DCEE-CF86-4BBD-B35B-5BB2EF88DAFF}.Release|Any CPU.ActiveCfg = Release|Any CPU
		{16A2DCEE-CF86-4BBD-B35B-5BB2EF88DAFF}.Release|Any CPU.Build.0 = Release|Any CPU
		{16A2DCEE-CF86-4BBD-B35B-5BB2EF88DAFF}.Release|x64.ActiveCfg = Release|x64
		{16A2DCEE-CF86-4BBD-B35B-5BB2EF88DAFF}.Release|x64.Build.0 = Release|x64
		{16A2DCEE-CF86-4BBD-B35B-5BB2EF88DAFF}.Release|x86.ActiveCfg = Release|Any CPU
		{16A2DCEE-CF86-4BBD-B35B-5BB2EF88DAFF}.Release|x86.Build.0 = Release|Any CPU
	EndGlobalSection
	GlobalSection(SolutionProperties) = preSolution
		HideSolutionNode = FALSE
	EndGlobalSection
	GlobalSection(NestedProjects) = preSolution
		{23AB097C-FD1F-451B-B5DC-875E09E5699A} = {EACFC0D6-38A7-4099-A3FB-15B2BF4EF7B3}
		{07D4A54F-4E6B-4ED5-8A71-9E31B876385B} = {EACFC0D6-38A7-4099-A3FB-15B2BF4EF7B3}
		{EA13024B-33C1-4659-83F7-99D87031C5DF} = {EACFC0D6-38A7-4099-A3FB-15B2BF4EF7B3}
		{736D8CB8-353D-4E07-9770-7E34F7F41BE1} = {9004CBFB-BE2D-420D-9883-A332793930AB}
		{F2D7CEB5-466E-42E9-A6D7-C9EA7E4F1FAB} = {EACFC0D6-38A7-4099-A3FB-15B2BF4EF7B3}
		{FA3EC7C0-907C-4369-ACC0-1493C2FDE3F3} = {9004CBFB-BE2D-420D-9883-A332793930AB}
		{D72F29C5-0854-4AD1-9BD0-D91F4D520FF3} = {EACFC0D6-38A7-4099-A3FB-15B2BF4EF7B3}
		{111D44F9-D128-4653-BDE4-29A1438DBF3E} = {9004CBFB-BE2D-420D-9883-A332793930AB}
		{21CBCF79-9ACB-407A-8CD4-392DDCF9AF2A} = {9004CBFB-BE2D-420D-9883-A332793930AB}
		{16A2DCEE-CF86-4BBD-B35B-5BB2EF88DAFF} = {6F9DF87F-3D81-4248-80AE-9D972474797E}
	EndGlobalSection
	GlobalSection(ExtensibilityGlobals) = postSolution
		SolutionGuid = {F3100B58-5F4C-45E7-96A3-F4D971ACA6A0}
	EndGlobalSection
EndGlobal
